{
  "name": "Pearl-website-",
  "lockfileVersion": 3,
  "requires": true,
  "packages": {
    "": {
      "dependencies": {
        "siteclonderperalr": "^1.0.0"
      }
    },
    "node_modules/siteclonderperalr": {
      "version": "1.0.0",
      "resolved": "https://registry.npmjs.org/siteclonderperalr/-/siteclonderperalr-1.0.0.tgz",
      "integrity": "sha512-RIX7fNVJUzLtewlS3EIpJ4HVHQzgulHmzH/lB3UVPzdtVNkLwBadnEL/O6PzSt5A3CDAksNfNU7dx/EljQTAZA==",
      "license": "MIT"
    }
  }
}
